Microsoft Visual Studio Solution File, Format Version 12.00
# Visual Studio Version 16
VisualStudioVersion = 16.0.31205.134
MinimumVisualStudioVersion = 10.0.40219.1
Project("{FAE04EC0-301F-11D3-BF4B-00C04F79EFBC}") = "Ambit.Common", "Library\Ambit.Common\Ambit.Common.csproj", "{8529A692-F045-4CBF-860F-6E006DED5CA7}"
EndProject
Project("{FAE04EC0-301F-11D3-BF4B-00C04F79EFBC}") = "Ambit.Data", "Library\Ambit.Data\Ambit.Data.csproj", "{DF9D430D-B917-4AA9-96E3-D01FFC3F368E}"
EndProject
Project("{FAE04EC0-301F-11D3-BF4B-00C04F79EFBC}") = "Ambit.Entities", "Library\Ambit.Entities\Ambit.Entities.csproj", "{04E7E08D-16ED-4223-B428-D52666D3DBC4}"
EndProject
Project("{FAE04EC0-301F-11D3-BF4B-00C04F79EFBC}") = "Ambit.Services", "Library\Ambit.Services\Ambit.Services.csproj", "{26C1A3F8-6D53-4938-8461-96C5AEBDBA05}"
EndProject
Project("{2150E333-8FDC-42A3-9474-1A3956D46DE8}") = "Library", "Library", "{E8FD6F0F-DDD3-4978-BFF2-F0FF2FD68F7A}"
EndProject
Project("{FAE04EC0-301F-11D3-BF4B-00C04F79EFBC}") = "Ambit.APICommon", "Library\Ambit.APICommon\Ambit.APICommon.csproj", "{D7E3F15C-D3CF-49F1-91F3-3E7CADC64CB6}"
EndProject
Project("{FAE04EC0-301F-11D3-BF4B-00C04F79EFBC}") = "AmbitWebAPI", "AmbitWebAPI\AmbitWebAPI.csproj", "{2ADD93C5-F8BF-4BE2-A07E-AFABA97E1BAD}"
EndProject
Global
	GlobalSection(SolutionConfigurationPlatforms) = preSolution
		Debug|Any CPU = Debug|Any CPU
		Debug|x64 = Debug|x64
		Debug|x86 = Debug|x86
		QA|Any CPU = QA|Any CPU
		QA|x64 = QA|x64
		QA|x86 = QA|x86
		Release|Any CPU = Release|Any CPU
		Release|x64 = Release|x64
		Release|x86 = Release|x86
		Staging|Any CPU = Staging|Any CPU
		Staging|x64 = Staging|x64
		Staging|x86 = Staging|x86
	EndGlobalSection
	GlobalSection(ProjectConfigurationPlatforms) = postSolution
		{8529A692-F045-4CBF-860F-6E006DED5CA7}.Debug|Any CPU.ActiveCfg = Debug|Any CPU
		{8529A692-F045-4CBF-860F-6E006DED5CA7}.Debug|Any CPU.Build.0 = Debug|Any CPU
		{8529A692-F045-4CBF-860F-6E006DED5CA7}.Debug|x64.ActiveCfg = Debug|Any CPU
		{8529A692-F045-4CBF-860F-6E006DED5CA7}.Debug|x64.Build.0 = Debug|Any CPU
		{8529A692-F045-4CBF-860F-6E006DED5CA7}.Debug|x86.ActiveCfg = Debug|x86
		{8529A692-F045-4CBF-860F-6E006DED5CA7}.Debug|x86.Build.0 = Debug|x86
		{8529A692-F045-4CBF-860F-6E006DED5CA7}.QA|Any CPU.ActiveCfg = Release|Any CPU
		{8529A692-F045-4CBF-860F-6E006DED5CA7}.QA|Any CPU.Build.0 = Release|Any CPU
		{8529A692-F045-4CBF-860F-6E006DED5CA7}.QA|x64.ActiveCfg = Release|Any CPU
		{8529A692-F045-4CBF-860F-6E006DED5CA7}.QA|x64.Build.0 = Release|Any CPU
		{8529A692-F045-4CBF-860F-6E006DED5CA7}.QA|x86.ActiveCfg = Release|x86
		{8529A692-F045-4CBF-860F-6E006DED5CA7}.QA|x86.Build.0 = Release|x86
		{8529A692-F045-4CBF-860F-6E006DED5CA7}.Release|Any CPU.ActiveCfg = Release|Any CPU
		{8529A692-F045-4CBF-860F-6E006DED5CA7}.Release|Any CPU.Build.0 = Release|Any CPU
		{8529A692-F045-4CBF-860F-6E006DED5CA7}.Release|x64.ActiveCfg = Release|Any CPU
		{8529A692-F045-4CBF-860F-6E006DED5CA7}.Release|x64.Build.0 = Release|Any CPU
		{8529A692-F045-4CBF-860F-6E006DED5CA7}.Release|x86.ActiveCfg = Release|x86
		{8529A692-F045-4CBF-860F-6E006DED5CA7}.Release|x86.Build.0 = Release|x86
		{8529A692-F045-4CBF-860F-6E006DED5CA7}.Staging|Any CPU.ActiveCfg = Release|Any CPU
		{8529A692-F045-4CBF-860F-6E006DED5CA7}.Staging|Any CPU.Build.0 = Release|Any CPU
		{8529A692-F045-4CBF-860F-6E006DED5CA7}.Staging|x64.ActiveCfg = Release|Any CPU
		{8529A692-F045-4CBF-860F-6E006DED5CA7}.Staging|x64.Build.0 = Release|Any CPU
		{8529A692-F045-4CBF-860F-6E006DED5CA7}.Staging|x86.ActiveCfg = Release|x86
		{8529A692-F045-4CBF-860F-6E006DED5CA7}.Staging|x86.Build.0 = Release|x86
		{DF9D430D-B917-4AA9-96E3-D01FFC3F368E}.Debug|Any CPU.ActiveCfg = Debug|Any CPU
		{DF9D430D-B917-4AA9-96E3-D01FFC3F368E}.Debug|Any CPU.Build.0 = Debug|Any CPU
		{DF9D430D-B917-4AA9-96E3-D01FFC3F368E}.Debug|x64.ActiveCfg = Debug|Any CPU
		{DF9D430D-B917-4AA9-96E3-D01FFC3F368E}.Debug|x64.Build.0 = Debug|Any CPU
		{DF9D430D-B917-4AA9-96E3-D01FFC3F368E}.Debug|x86.ActiveCfg = Debug|x86
		{DF9D430D-B917-4AA9-96E3-D01FFC3F368E}.Debug|x86.Build.0 = Debug|x86
		{DF9D430D-B917-4AA9-96E3-D01FFC3F368E}.QA|Any CPU.ActiveCfg = QA|Any CPU
		{DF9D430D-B917-4AA9-96E3-D01FFC3F368E}.QA|Any CPU.Build.0 = QA|Any CPU
		{DF9D430D-B917-4AA9-96E3-D01FFC3F368E}.QA|x64.ActiveCfg = QA|Any CPU
		{DF9D430D-B917-4AA9-96E3-D01FFC3F368E}.QA|x64.Build.0 = QA|Any CPU
		{DF9D430D-B917-4AA9-96E3-D01FFC3F368E}.QA|x86.ActiveCfg = QA|x86
		{DF9D430D-B917-4AA9-96E3-D01FFC3F368E}.QA|x86.Build.0 = QA|x86
		{DF9D430D-B917-4AA9-96E3-D01FFC3F368E}.Release|Any CPU.ActiveCfg = Release|Any CPU
		{DF9D430D-B917-4AA9-96E3-D01FFC3F368E}.Release|Any CPU.Build.0 = Release|Any CPU
		{DF9D430D-B917-4AA9-96E3-D01FFC3F368E}.Release|x64.ActiveCfg = Release|Any CPU
		{DF9D430D-B917-4AA9-96E3-D01FFC3F368E}.Release|x64.Build.0 = Release|Any CPU
		{DF9D430D-B917-4AA9-96E3-D01FFC3F368E}.Release|x86.ActiveCfg = Release|x86
		{DF9D430D-B917-4AA9-96E3-D01FFC3F368E}.Release|x86.Build.0 = Release|x86
		{DF9D430D-B917-4AA9-96E3-D01FFC3F368E}.Staging|Any CPU.ActiveCfg = Staging|Any CPU
		{DF9D430D-B917-4AA9-96E3-D01FFC3F368E}.Staging|Any CPU.Build.0 = Staging|Any CPU
		{DF9D430D-B917-4AA9-96E3-D01FFC3F368E}.Staging|x64.ActiveCfg = Staging|Any CPU
		{DF9D430D-B917-4AA9-96E3-D01FFC3F368E}.Staging|x64.Build.0 = Staging|Any CPU
		{DF9D430D-B917-4AA9-96E3-D01FFC3F368E}.Staging|x86.ActiveCfg = Staging|x86
		{DF9D430D-B917-4AA9-96E3-D01FFC3F368E}.Staging|x86.Build.0 = Staging|x86
		{04E7E08D-16ED-4223-B428-D52666D3DBC4}.Debug|Any CPU.ActiveCfg = Debug|Any CPU
		{04E7E08D-16ED-4223-B428-D52666D3DBC4}.Debug|Any CPU.Build.0 = Debug|Any CPU
		{04E7E08D-16ED-4223-B428-D52666D3DBC4}.Debug|x64.ActiveCfg = Debug|Any CPU
		{04E7E08D-16ED-4223-B428-D52666D3DBC4}.Debug|x64.Build.0 = Debug|Any CPU
		{04E7E08D-16ED-4223-B428-D52666D3DBC4}.Debug|x86.ActiveCfg = Debug|x86
		{04E7E08D-16ED-4223-B428-D52666D3DBC4}.Debug|x86.Build.0 = Debug|x86
		{04E7E08D-16ED-4223-B428-D52666D3DBC4}.QA|Any CPU.ActiveCfg = QA|Any CPU
		{04E7E08D-16ED-4223-B428-D52666D3DBC4}.QA|Any CPU.Build.0 = QA|Any CPU
		{04E7E08D-16ED-4223-B428-D52666D3DBC4}.QA|x64.ActiveCfg = QA|Any CPU
		{04E7E08D-16ED-4223-B428-D52666D3DBC4}.QA|x64.Build.0 = QA|Any CPU
		{04E7E08D-16ED-4223-B428-D52666D3DBC4}.QA|x86.ActiveCfg = QA|x86
		{04E7E08D-16ED-4223-B428-D52666D3DBC4}.QA|x86.Build.0 = QA|x86
		{04E7E08D-16ED-4223-B428-D52666D3DBC4}.Release|Any CPU.ActiveCfg = Release|Any CPU
		{04E7E08D-16ED-4223-B428-D52666D3DBC4}.Release|Any CPU.Build.0 = Release|Any CPU
		{04E7E08D-16ED-4223-B428-D52666D3DBC4}.Release|x64.ActiveCfg = Release|Any CPU
		{04E7E08D-16ED-4223-B428-D52666D3DBC4}.Release|x64.Build.0 = Release|Any CPU
		{04E7E08D-16ED-4223-B428-D52666D3DBC4}.Release|x86.ActiveCfg = Release|x86
		{04E7E08D-16ED-4223-B428-D52666D3DBC4}.Release|x86.Build.0 = Release|x86
		{04E7E08D-16ED-4223-B428-D52666D3DBC4}.Staging|Any CPU.ActiveCfg = Staging|Any CPU
		{04E7E08D-16ED-4223-B428-D52666D3DBC4}.Staging|Any CPU.Build.0 = Staging|Any CPU
		{04E7E08D-16ED-4223-B428-D52666D3DBC4}.Staging|x64.ActiveCfg = Staging|Any CPU
		{04E7E08D-16ED-4223-B428-D52666D3DBC4}.Staging|x64.Build.0 = Staging|Any CPU
		{04E7E08D-16ED-4223-B428-D52666D3DBC4}.Staging|x86.ActiveCfg = Staging|x86
		{04E7E08D-16ED-4223-B428-D52666D3DBC4}.Staging|x86.Build.0 = Staging|x86
		{26C1A3F8-6D53-4938-8461-96C5AEBDBA05}.Debug|Any CPU.ActiveCfg = Debug|Any CPU
		{26C1A3F8-6D53-4938-8461-96C5AEBDBA05}.Debug|Any CPU.Build.0 = Debug|Any CPU
		{26C1A3F8-6D53-4938-8461-96C5AEBDBA05}.Debug|x64.ActiveCfg = Debug|Any CPU
		{26C1A3F8-6D53-4938-8461-96C5AEBDBA05}.Debug|x64.Build.0 = Debug|Any CPU
		{26C1A3F8-6D53-4938-8461-96C5AEBDBA05}.Debug|x86.ActiveCfg = Debug|x86
		{26C1A3F8-6D53-4938-8461-96C5AEBDBA05}.Debug|x86.Build.0 = Debug|x86
		{26C1A3F8-6D53-4938-8461-96C5AEBDBA05}.QA|Any CPU.ActiveCfg = QA|Any CPU
		{26C1A3F8-6D53-4938-8461-96C5AEBDBA05}.QA|Any CPU.Build.0 = QA|Any CPU
		{26C1A3F8-6D53-4938-8461-96C5AEBDBA05}.QA|x64.ActiveCfg = QA|Any CPU
		{26C1A3F8-6D53-4938-8461-96C5AEBDBA05}.QA|x64.Build.0 = QA|Any CPU
		{26C1A3F8-6D53-4938-8461-96C5AEBDBA05}.QA|x86.ActiveCfg = QA|x86
		{26C1A3F8-6D53-4938-8461-96C5AEBDBA05}.QA|x86.Build.0 = QA|x86
		{26C1A3F8-6D53-4938-8461-96C5AEBDBA05}.Release|Any CPU.ActiveCfg = Release|Any CPU
		{26C1A3F8-6D53-4938-8461-96C5AEBDBA05}.Release|Any CPU.Build.0 = Release|Any CPU
		{26C1A3F8-6D53-4938-8461-96C5AEBDBA05}.Release|x64.ActiveCfg = Release|Any CPU
		{26C1A3F8-6D53-4938-8461-96C5AEBDBA05}.Release|x64.Build.0 = Release|Any CPU
		{26C1A3F8-6D53-4938-8461-96C5AEBDBA05}.Release|x86.ActiveCfg = Release|x86
		{26C1A3F8-6D53-4938-8461-96C5AEBDBA05}.Release|x86.Build.0 = Release|x86
		{26C1A3F8-6D53-4938-8461-96C5AEBDBA05}.Staging|Any CPU.ActiveCfg = Staging|Any CPU
		{26C1A3F8-6D53-4938-8461-96C5AEBDBA05}.Staging|Any CPU.Build.0 = Staging|Any CPU
		{26C1A3F8-6D53-4938-8461-96C5AEBDBA05}.Staging|x64.ActiveCfg = Staging|Any CPU
		{26C1A3F8-6D53-4938-8461-96C5AEBDBA05}.Staging|x64.Build.0 = Staging|Any CPU
		{26C1A3F8-6D53-4938-8461-96C5AEBDBA05}.Staging|x86.ActiveCfg = Staging|x86
		{26C1A3F8-6D53-4938-8461-96C5AEBDBA05}.Staging|x86.Build.0 = Staging|x86
		{D7E3F15C-D3CF-49F1-91F3-3E7CADC64CB6}.Debug|Any CPU.ActiveCfg = Debug|Any CPU
		{D7E3F15C-D3CF-49F1-91F3-3E7CADC64CB6}.Debug|Any CPU.Build.0 = Debug|Any CPU
		{D7E3F15C-D3CF-49F1-91F3-3E7CADC64CB6}.Debug|x64.ActiveCfg = Debug|Any CPU
		{D7E3F15C-D3CF-49F1-91F3-3E7CADC64CB6}.Debug|x64.Build.0 = Debug|Any CPU
		{D7E3F15C-D3CF-49F1-91F3-3E7CADC64CB6}.Debug|x86.ActiveCfg = Debug|x86
		{D7E3F15C-D3CF-49F1-91F3-3E7CADC64CB6}.Debug|x86.Build.0 = Debug|x86
		{D7E3F15C-D3CF-49F1-91F3-3E7CADC64CB6}.QA|Any CPU.ActiveCfg = QA|Any CPU
		{D7E3F15C-D3CF-49F1-91F3-3E7CADC64CB6}.QA|Any CPU.Build.0 = QA|Any CPU
		{D7E3F15C-D3CF-49F1-91F3-3E7CADC64CB6}.QA|x64.ActiveCfg = QA|Any CPU
		{D7E3F15C-D3CF-49F1-91F3-3E7CADC64CB6}.QA|x64.Build.0 = QA|Any CPU
		{D7E3F15C-D3CF-49F1-91F3-3E7CADC64CB6}.QA|x86.ActiveCfg = QA|x86
		{D7E3F15C-D3CF-49F1-91F3-3E7CADC64CB6}.QA|x86.Build.0 = QA|x86
		{D7E3F15C-D3CF-49F1-91F3-3E7CADC64CB6}.Release|Any CPU.ActiveCfg = Release|Any CPU
		{D7E3F15C-D3CF-49F1-91F3-3E7CADC64CB6}.Release|Any CPU.Build.0 = Release|Any CPU
		{D7E3F15C-D3CF-49F1-91F3-3E7CADC64CB6}.Release|x64.ActiveCfg = Release|Any CPU
		{D7E3F15C-D3CF-49F1-91F3-3E7CADC64CB6}.Release|x64.Build.0 = Release|Any CPU
		{D7E3F15C-D3CF-49F1-91F3-3E7CADC64CB6}.Release|x86.ActiveCfg = Release|x86
		{D7E3F15C-D3CF-49F1-91F3-3E7CADC64CB6}.Release|x86.Build.0 = Release|x86
		{D7E3F15C-D3CF-49F1-91F3-3E7CADC64CB6}.Staging|Any CPU.ActiveCfg = Staging|Any CPU
		{D7E3F15C-D3CF-49F1-91F3-3E7CADC64CB6}.Staging|Any CPU.Build.0 = Staging|Any CPU
		{D7E3F15C-D3CF-49F1-91F3-3E7CADC64CB6}.Staging|x64.ActiveCfg = Staging|Any CPU
		{D7E3F15C-D3CF-49F1-91F3-3E7CADC64CB6}.Staging|x64.Build.0 = Staging|Any CPU
		{D7E3F15C-D3CF-49F1-91F3-3E7CADC64CB6}.Staging|x86.ActiveCfg = Staging|x86
		{D7E3F15C-D3CF-49F1-91F3-3E7CADC64CB6}.Staging|x86.Build.0 = Staging|x86
		{2ADD93C5-F8BF-4BE2-A07E-AFABA97E1BAD}.Debug|Any CPU.ActiveCfg = Debug|Any CPU
		{2ADD93C5-F8BF-4BE2-A07E-AFABA97E1BAD}.Debug|Any CPU.Build.0 = Debug|Any CPU
		{2ADD93C5-F8BF-4BE2-A07E-AFABA97E1BAD}.Debug|x64.ActiveCfg = Debug|Any CPU
		{2ADD93C5-F8BF-4BE2-A07E-AFABA97E1BAD}.Debug|x64.Build.0 = Debug|Any CPU
		{2ADD93C5-F8BF-4BE2-A07E-AFABA97E1BAD}.Debug|x86.ActiveCfg = Debug|x86
		{2ADD93C5-F8BF-4BE2-A07E-AFABA97E1BAD}.Debug|x86.Build.0 = Debug|x86
		{2ADD93C5-F8BF-4BE2-A07E-AFABA97E1BAD}.QA|Any CPU.ActiveCfg = Release|Any CPU
		{2ADD93C5-F8BF-4BE2-A07E-AFABA97E1BAD}.QA|Any CPU.Build.0 = Release|Any CPU
		{2ADD93C5-F8BF-4BE2-A07E-AFABA97E1BAD}.QA|x64.ActiveCfg = Release|Any CPU
		{2ADD93C5-F8BF-4BE2-A07E-AFABA97E1BAD}.QA|x64.Build.0 = Release|Any CPU
		{2ADD93C5-F8BF-4BE2-A07E-AFABA97E1BAD}.QA|x86.ActiveCfg = Release|x86
		{2ADD93C5-F8BF-4BE2-A07E-AFABA97E1BAD}.QA|x86.Build.0 = Release|x86
		{2ADD93C5-F8BF-4BE2-A07E-AFABA97E1BAD}.Release|Any CPU.ActiveCfg = Release|Any CPU
		{2ADD93C5-F8BF-4BE2-A07E-AFABA97E1BAD}.Release|Any CPU.Build.0 = Release|Any CPU
		{2ADD93C5-F8BF-4BE2-A07E-AFABA97E1BAD}.Release|x64.ActiveCfg = Release|Any CPU
		{2ADD93C5-F8BF-4BE2-A07E-AFABA97E1BAD}.Release|x64.Build.0 = Release|Any CPU
		{2ADD93C5-F8BF-4BE2-A07E-AFABA97E1BAD}.Release|x86.ActiveCfg = Release|x86
		{2ADD93C5-F8BF-4BE2-A07E-AFABA97E1BAD}.Release|x86.Build.0 = Release|x86
		{2ADD93C5-F8BF-4BE2-A07E-AFABA97E1BAD}.Staging|Any CPU.ActiveCfg = Release|Any CPU
		{2ADD93C5-F8BF-4BE2-A07E-AFABA97E1BAD}.Staging|Any CPU.Build.0 = Release|Any CPU
		{2ADD93C5-F8BF-4BE2-A07E-AFABA97E1BAD}.Staging|x64.ActiveCfg = Release|Any CPU
		{2ADD93C5-F8BF-4BE2-A07E-AFABA97E1BAD}.Staging|x64.Build.0 = Release|Any CPU
		{2ADD93C5-F8BF-4BE2-A07E-AFABA97E1BAD}.Staging|x86.ActiveCfg = Release|x86
		{2ADD93C5-F8BF-4BE2-A07E-AFABA97E1BAD}.Staging|x86.Build.0 = Release|x86
	EndGlobalSection
	GlobalSection(SolutionProperties) = preSolution
		HideSolutionNode = FALSE
	EndGlobalSection
	GlobalSection(NestedProjects) = preSolution
		{8529A692-F045-4CBF-860F-6E006DED5CA7} = {E8FD6F0F-DDD3-4978-BFF2-F0FF2FD68F7A}
		{DF9D430D-B917-4AA9-96E3-D01FFC3F368E} = {E8FD6F0F-DDD3-4978-BFF2-F0FF2FD68F7A}
		{04E7E08D-16ED-4223-B428-D52666D3DBC4} = {E8FD6F0F-DDD3-4978-BFF2-F0FF2FD68F7A}
		{26C1A3F8-6D53-4938-8461-96C5AEBDBA05} = {E8FD6F0F-DDD3-4978-BFF2-F0FF2FD68F7A}
		{D7E3F15C-D3CF-49F1-91F3-3E7CADC64CB6} = {E8FD6F0F-DDD3-4978-BFF2-F0FF2FD68F7A}
	EndGlobalSection
	GlobalSection(ExtensibilityGlobals) = postSolution
		SolutionGuid = {25C36803-363C-4FC5-ABBE-294F4390A86E}
	EndGlobalSection
EndGlobal
